# This file is automatically @generated by Poetry 2.1.3 and should not be changed by hand.

[[package]]
name = "yt-dlp"
version = "2024.12.23"
description = "A feature-rich command-line audio/video downloader"
optional = false
python-versions = ">=3.9"
groups = ["main"]
files = [
    {file = "yt_dlp-2024.12.23-py3-none-any.whl", hash = "sha256:2fc08a5221a0379628ac4e7324c6c69a95b9fdfa7a7ca3187444b3b7451e38be"},
    {file = "yt_dlp-2024.12.23.tar.gz", hash = "sha256:ac0e72b5a9017ba104b4258546201a7cedc38e8bd20727e0c63b77c829b425e9"},
]

[package.extras]
build = ["build", "hatchling", "pip", "setuptools (>=71.0.2)", "wheel"]
curl-cffi = ["curl-cffi (==0.5.10) ; os_name == \"nt\" and implementation_name == \"cpython\"", "curl-cffi (>=0.5.10,!=0.6.*,<0.7.2) ; os_name != \"nt\" and implementation_name == \"cpython\""]
default = ["brotli ; implementation_name == \"cpython\"", "brotlicffi ; implementation_name != \"cpython\"", "certifi", "mutagen", "pycryptodomex", "requests (>=2.32.2,<3)", "urllib3 (>=1.26.17,<3)", "websockets (>=13.0)"]
dev = ["autopep8 (>=2.0,<3.0)", "pre-commit", "pytest (>=8.1,<9.0)", "pytest-rerunfailures (>=14.0,<15.0)", "ruff (>=0.8.0,<0.9.0)"]
pyinstaller = ["pyinstaller (>=6.11.1)"]
secretstorage = ["cffi", "secretstorage"]
static-analysis = ["autopep8 (>=2.0,<3.0)", "ruff (>=0.8.0,<0.9.0)"]
test = ["pytest (>=8.1,<9.0)", "pytest-rerunfailures (>=14.0,<15.0)"]

[metadata]
lock-version = "2.1"
python-versions = "^3.13"
content-hash = "9f795b3b760b6c24c00a18605419d1cb063faab974b87339e3a65ad5eeab4c3f"
